PODS:
  - Realm (3.13.1):
    - Realm/Headers (= 3.13.1)
  - Realm/Headers (3.13.1)
  - RealmSwift (3.13.1):
    - Realm (= 3.13.1)
  - SwiftLint (0.31.0)
  - "UITextView+Placeholder (1.2.1)"

DEPENDENCIES:
  - RealmSwift
  - SwiftLint
  - "UITextView+Placeholder"

SPEC REPOS:
  https://github.com/cocoapods/specs.git:
    - Realm
    - RealmSwift
    - SwiftLint
    - "UITextView+Placeholder"

SPEC CHECKSUMS:
  Realm: 50071da38fe079e0735e47c9f2eae738c68c5996
  RealmSwift: 8a1e6a02b7a08cd17a31e3115143fb69fe5f3fb9
  SwiftLint: 7a0227733d786395817373b2d0ca799fd0093ff3
  "UITextView+Placeholder": 0c3efd97f37ea64bde7f34cc6e90fe02e87b3909

PODFILE CHECKSUM: 78fcf600998560ee6498b3f760ec2b38d5d4913c

COCOAPODS: 1.6.1
