// !$*UTF8*$!
{
	archiveVersion = 1;
	classes = {
	};
	objectVersion = 50;
	objects = {

/* Begin PBXBuildFile section */
		834D0C692423C2DF006253E3 /* Character.swift in Sources */ = {isa = PBXBuildFile; fileRef = 834D0C682423C2DF006253E3 /* Character.swift */; };
		834D0C6B2423C32E006253E3 /* CharacterService.swift in Sources */ = {isa = PBXBuildFile; fileRef = 834D0C6A2423C32E006253E3 /* CharacterService.swift */; };
		834D0C6F2423CD68006253E3 /* CharacterTableViewCell.swift in Sources */ = {isa = PBXBuildFile; fileRef = 834D0C6E2423CD68006253E3 /* CharacterTableViewCell.swift */; };
		83ADADA324226493005C038F /* AppDelegate.swift in Sources */ = {isa = PBXBuildFile; fileRef = 83ADADA224226493005C038F /* AppDelegate.swift */; };
		83ADADA524226493005C038F /* SceneDelegate.swift in Sources */ = {isa = PBXBuildFile; fileRef = 83ADADA424226493005C038F /* SceneDelegate.swift */; };
		83ADADA724226493005C038F /* ViewController.swift in Sources */ = {isa = PBXBuildFile; fileRef = 83ADADA624226493005C038F /* ViewController.swift */; };
		83ADADAA24226493005C038F /* Main.storyboard in Resources */ = {isa = PBXBuildFile; fileRef = 83ADADA824226493005C038F /* Main.storyboard */; };
		83ADADAC242264A8005C038F /* Assets.xcassets in Resources */ = {isa = PBXBuildFile; fileRef = 83ADADAB242264A8005C038F /* Assets.xcassets */; };
		83ADADAF242264A8005C038F /* LaunchScreen.storyboard in Resources */ = {isa = PBXBuildFile; fileRef = 83ADADAD242264A8005C038F /* LaunchScreen.storyboard */; };
		CEE7208A4132869EADD0471A /* Pods_HomeWork2.framework in Frameworks */ = {isa = PBXBuildFile; fileRef = AB5A7A5212C603C52247339B /* Pods_HomeWork2.framework */; };
/* End PBXBuildFile section */

/* Begin PBXFileReference section */
		477B997EE07B6CDD4F292A6C /* Pods-HomeWork2.release.xcconfig */ = {isa = PBXFileReference; includeInIndex = 1; lastKnownFileType = text.xcconfig; name = "Pods-HomeWork2.release.xcconfig"; path = "Target Support Files/Pods-HomeWork2/Pods-HomeWork2.release.xcconfig"; sourceTree = "<group>"; };
		5C8F02E04B6EF19A1298ADE6 /* Pods-HomeWork2.debug.xcconfig */ = {isa = PBXFileReference; includeInIndex = 1; lastKnownFileType = text.xcconfig; name = "Pods-HomeWork2.debug.xcconfig"; path = "Target Support Files/Pods-HomeWork2/Pods-HomeWork2.debug.xcconfig"; sourceTree = "<group>"; };
		834D0C682423C2DF006253E3 /* Character.swift */ = {isa = PBXFileReference; lastKnownFileType = sourcecode.swift; path = Character.swift; sourceTree = "<group>"; };
		834D0C6A2423C32E006253E3 /* CharacterService.swift */ = {isa = PBXFileReference; lastKnownFileType = sourcecode.swift; path = CharacterService.swift; sourceTree = "<group>"; };
		834D0C6E2423CD68006253E3 /* CharacterTableViewCell.swift */ = {isa = PBXFileReference; lastKnownFileType = sourcecode.swift; path = CharacterTableViewCell.swift; sourceTree = "<group>"; };
		83ADAD9F24226493005C038F /* HomeWork2.app */ = {isa = PBXFileReference; explicitFileType = wrapper.application; includeInIndex = 0; path = HomeWork2.app; sourceTree = BUILT_PRODUCTS_DIR; };
		83ADADA224226493005C038F /* AppDelegate.swift */ = {isa = PBXFileReference; lastKnownFileType = sourcecode.swift; path = AppDelegate.swift; sourceTree = "<group>"; };
		83ADADA424226493005C038F /* SceneDelegate.swift */ = {isa = PBXFileReference; lastKnownFileType = sourcecode.swift; path = SceneDelegate.swift; sourceTree = "<group>"; };
		83ADADA624226493005C038F /* ViewController.swift */ = {isa = PBXFileReference; lastKnownFileType = sourcecode.swift; path = ViewController.swift; sourceTree = "<group>"; };
		83ADADA924226493005C038F /* Base */ = {isa = PBXFileReference; lastKnownFileType = file.storyboard; name = Base; path = Base.lproj/Main.storyboard; sourceTree = "<group>"; };
		83ADADAB242264A8005C038F /* Assets.xcassets */ = {isa = PBXFileReference; lastKnownFileType = folder.assetcatalog; path = Assets.xcassets; sourceTree = "<group>"; };
		83ADADAE242264A8005C038F /* Base */ = {isa = PBXFileReference; lastKnownFileType = file.storyboard; name = Base; path = Base.lproj/LaunchScreen.storyboard; sourceTree = "<group>"; };
		83ADADB0242264A9005C038F /* Info.plist */ = {isa = PBXFileReference; lastKnownFileType = text.plist.xml; path = Info.plist; sourceTree = "<group>"; };
		AB5A7A5212C603C52247339B /* Pods_HomeWork2.framework */ = {isa = PBXFileReference; explicitFileType = wrapper.framework; includeInIndex = 0; path = Pods_HomeWork2.framework; sourceTree = BUILT_PRODUCTS_DIR; };
/* End PBXFileReference section */

/* Begin PBXFrameworksBuildPhase section */
		83ADAD9C24226492005C038F /* Frameworks */ = {
			isa = PBXFrameworksBuildPhase;
			buildActionMask = 2147483647;
			files = (
				CEE7208A4132869EADD0471A /* Pods_HomeWork2.framework in Frameworks */,
			);
			runOnlyForDeploymentPostprocessing = 0;
		};
/* End PBXFrameworksBuildPhase section */

/* Begin PBXGroup section */
		83ADAD9624226492005C038F = {
			isa = PBXGroup;
			children = (
				83ADADA124226493005C038F /* HomeWork2 */,
				83ADADA024226493005C038F /* Products */,
				A74034166814C4BCC2B8A117 /* Pods */,
				9E73CBC477D7047C94E7AE6B /* Frameworks */,
			);
			sourceTree = "<group>";
		};
		83ADADA024226493005C038F /* Products */ = {
			isa = PBXGroup;
			children = (
				83ADAD9F24226493005C038F /* HomeWork2.app */,
			);
			name = Products;
			sourceTree = "<group>";
		};
		83ADADA124226493005C038F /* HomeWork2 */ = {
			isa = PBXGroup;
			children = (
				83ADADA224226493005C038F /* AppDelegate.swift */,
				83ADADA424226493005C038F /* SceneDelegate.swift */,
				83ADADA624226493005C038F /* ViewController.swift */,
				83ADADA824226493005C038F /* Main.storyboard */,
				834D0C682423C2DF006253E3 /* Character.swift */,
				834D0C6A2423C32E006253E3 /* CharacterService.swift */,
				834D0C6E2423CD68006253E3 /* CharacterTableViewCell.swift */,
				83ADADAB242264A8005C038F /* Assets.xcassets */,
				83ADADAD242264A8005C038F /* LaunchScreen.storyboard */,
				83ADADB0242264A9005C038F /* Info.plist */,
			);
			path = HomeWork2;
			sourceTree = "<group>";
		};
		9E73CBC477D7047C94E7AE6B /* Frameworks */ = {
			isa = PBXGroup;
			children = (
				AB5A7A5212C603C52247339B /* Pods_HomeWork2.framework */,
			);
			name = Frameworks;
			sourceTree = "<group>";
		};
		A74034166814C4BCC2B8A117 /* Pods */ = {
			isa = PBXGroup;
			children = (
				5C8F02E04B6EF19A1298ADE6 /* Pods-HomeWork2.debug.xcconfig */,
				477B997EE07B6CDD4F292A6C /* Pods-HomeWork2.release.xcconfig */,
			);
			path = Pods;
			sourceTree = "<group>";
		};
/* End PBXGroup section */

/* Begin PBXNativeTarget section */
		83ADAD9E24226492005C038F /* HomeWork2 */ = {
			isa = PBXNativeTarget;
			buildConfigurationList = 83ADADB3242264A9005C038F /* Build configuration list for PBXNativeTarget "HomeWork2" */;
			buildPhases = (
				F6F673C30B92DA2AD43F4F71 /* [CP] Check Pods Manifest.lock */,
				86C240D02423F24D006AFAAE /* Errors */,
				83ADAD9B24226492005C038F /* Sources */,
				83ADAD9C24226492005C038F /* Frameworks */,
				83ADAD9D24226492005C038F /* Resources */,
			);
			buildRules = (
			);
			dependencies = (
			);
			name = HomeWork2;
			productName = HomeWork2;
			productReference = 83ADAD9F24226493005C038F /* HomeWork2.app */;
			productType = "com.apple.product-type.application";
		};
/* End PBXNativeTarget section */

/* Begin PBXProject section */
		83ADAD9724226492005C038F /* Project object */ = {
			isa = PBXProject;
			attributes = {
				LastSwiftUpdateCheck = 1130;
				LastUpgradeCheck = 1130;
				ORGANIZATIONNAME = "Артем Устинов";
				TargetAttributes = {
					83ADAD9E24226492005C038F = {
						CreatedOnToolsVersion = 11.3.1;
					};
				};
			};
			buildConfigurationList = 83ADAD9A24226492005C038F /* Build configuration list for PBXProject "HomeWork2" */;
			compatibilityVersion = "Xcode 9.3";
			developmentRegion = en;
			hasScannedForEncodings = 0;
			knownRegions = (
				en,
				Base,
			);
			mainGroup = 83ADAD9624226492005C038F;
			productRefGroup = 83ADADA024226493005C038F /* Products */;
			projectDirPath = "";
			projectRoot = "";
			targets = (
				83ADAD9E24226492005C038F /* HomeWork2 */,
			);
		};
/* End PBXProject section */

/* Begin PBXResourcesBuildPhase section */
		83ADAD9D24226492005C038F /* Resources */ = {
			isa = PBXResourcesBuildPhase;
			buildActionMask = 2147483647;
			files = (
				83ADADAF242264A8005C038F /* LaunchScreen.storyboard in Resources */,
				83ADADAC242264A8005C038F /* Assets.xcassets in Resources */,
				83ADADAA24226493005C038F /* Main.storyboard in Resources */,
			);
			runOnlyForDeploymentPostprocessing = 0;
		};
/* End PBXResourcesBuildPhase section */

/* Begin PBXShellScriptBuildPhase section */
		86C240D02423F24D006AFAAE /* Errors */ = {
			isa = PBXShellScriptBuildPhase;
			buildActionMask = 2147483647;
			files = (
			);
			inputFileListPaths = (
			);
			inputPaths = (
			);
			name = Errors;
			outputFileListPaths = (
			);
			outputPaths = (
			);
			runOnlyForDeploymentPostprocessing = 0;
			shellPath = /bin/sh;
			shellScript = "if which swiftlint >/dev/null; then\n  swiftlint\nelse\n  echo \"error: SwiftLint does not exist, download it from https://github.com/realm/SwiftLint\"\n  exit 1\nfi\n";
		};
		F6F673C30B92DA2AD43F4F71 /* [CP] Check Pods Manifest.lock */ = {
			isa = PBXShellScriptBuildPhase;
			buildActionMask = 2147483647;
			files = (
			);
			inputFileListPaths = (
			);
			inputPaths = (
				"${PODS_PODFILE_DIR_PATH}/Podfile.lock",
				"${PODS_ROOT}/Manifest.lock",
			);
			name = "[CP] Check Pods Manifest.lock";
			outputFileListPaths = (
			);
			outputPaths = (
				"$(DERIVED_FILE_DIR)/Pods-HomeWork2-checkManifestLockResult.txt",
			);
			runOnlyForDeploymentPostprocessing = 0;
			shellPath = /bin/sh;
			shellScript = "diff \"${PODS_PODFILE_DIR_PATH}/Podfile.lock\" \"${PODS_ROOT}/Manifest.lock\" > /dev/null\nif [ $? != 0 ] ; then\n    # print error to STDERR\n    echo \"error: The sandbox is not in sync with the Podfile.lock. Run 'pod install' or update your CocoaPods installation.\" >&2\n    exit 1\nfi\n# This output is used by Xcode 'outputs' to avoid re-running this script phase.\necho \"SUCCESS\" > \"${SCRIPT_OUTPUT_FILE_0}\"\n";
			showEnvVarsInLog = 0;
		};
/* End PBXShellScriptBuildPhase section */

/* Begin PBXSourcesBuildPhase section */
		83ADAD9B24226492005C038F /* Sources */ = {
			isa = PBXSourcesBuildPhase;
			buildActionMask = 2147483647;
			files = (
				834D0C6B2423C32E006253E3 /* CharacterService.swift in Sources */,
				83ADADA724226493005C038F /* ViewController.swift in Sources */,
				83ADADA324226493005C038F /* AppDelegate.swift in Sources */,
				83ADADA524226493005C038F /* SceneDelegate.swift in Sources */,
				834D0C692423C2DF006253E3 /* Character.swift in Sources */,
				834D0C6F2423CD68006253E3 /* CharacterTableViewCell.swift in Sources */,
			);
			runOnlyForDeploymentPostprocessing = 0;
		};
/* End PBXSourcesBuildPhase section */

/* Begin PBXVariantGroup section */
		83ADADA824226493005C038F /* Main.storyboard */ = {
			isa = PBXVariantGroup;
			children = (
				83ADADA924226493005C038F /* Base */,
			);
			name = Main.storyboard;
			sourceTree = "<group>";
		};
		83ADADAD242264A8005C038F /* LaunchScreen.storyboard */ = {
			isa = PBXVariantGroup;
			children = (
				83ADADAE242264A8005C038F /* Base */,
			);
			name = LaunchScreen.storyboard;
			sourceTree = "<group>";
		};
/* End PBXVariantGroup section */

/* Begin XCBuildConfiguration section */
		83ADADB1242264A9005C038F /* Debug */ = {
			isa = XCBuildConfiguration;
			buildSettings = {
				ALWAYS_SEARCH_USER_PATHS = NO;
				CLANG_ANALYZER_NONNULL = YES;
				CLANG_ANALYZER_NUMBER_OBJECT_CONVERSION = YES_AGGRESSIVE;
				CLANG_CXX_LANGUAGE_STANDARD = "gnu++14";
				CLANG_CXX_LIBRARY = "libc++";
				CLANG_ENABLE_MODULES = YES;
				CLANG_ENABLE_OBJC_ARC = YES;
				CLANG_ENABLE_OBJC_WEAK = YES;
				CLANG_WARN_BLOCK_CAPTURE_AUTORELEASING = YES;
				CLANG_WARN_BOOL_CONVERSION = YES;
				CLANG_WARN_COMMA = YES;
				CLANG_WARN_CONSTANT_CONVERSION = YES;
				CLANG_WARN_DEPRECATED_OBJC_IMPLEMENTATIONS = YES;
				CLANG_WARN_DIRECT_OBJC_ISA_USAGE = YES_ERROR;
				CLANG_WARN_DOCUMENTATION_COMMENTS = YES;
				CLANG_WARN_EMPTY_BODY = YES;
				CLANG_WARN_ENUM_CONVERSION = YES;
				CLANG_WARN_INFINITE_RECURSION = YES;
				CLANG_WARN_INT_CONVERSION = YES;
				CLANG_WARN_NON_LITERAL_NULL_CONVERSION = YES;
				CLANG_WARN_OBJC_IMPLICIT_RETAIN_SELF = YES;
				CLANG_WARN_OBJC_LITERAL_CONVERSION = YES;
				CLANG_WARN_OBJC_ROOT_CLASS = YES_ERROR;
				CLANG_WARN_RANGE_LOOP_ANALYSIS = YES;
				CLANG_WARN_STRICT_PROTOTYPES = YES;
				CLANG_WARN_SUSPICIOUS_MOVE = YES;
				CLANG_WARN_UNGUARDED_AVAILABILITY = YES_AGGRESSIVE;
				CLANG_WARN_UNREACHABLE_CODE = YES;
				CLANG_WARN__DUPLICATE_METHOD_MATCH = YES;
				COPY_PHASE_STRIP = NO;
				DEBUG_INFORMATION_FORMAT = dwarf;
				ENABLE_STRICT_OBJC_MSGSEND = YES;
				ENABLE_TESTABILITY = YES;
				GCC_C_LANGUAGE_STANDARD = gnu11;
				GCC_DYNAMIC_NO_PIC = NO;
				GCC_NO_COMMON_BLOCKS = YES;
				GCC_OPTIMIZATION_LEVEL = 0;
				GCC_PREPROCESSOR_DEFINITIONS = (
					"DEBUG=1",
					"$(inherited)",
				);
				GCC_WARN_64_TO_32_BIT_CONVERSION = YES;
				GCC_WARN_ABOUT_RETURN_TYPE = YES_ERROR;
				GCC_WARN_UNDECLARED_SELECTOR = YES;
				GCC_WARN_UNINITIALIZED_AUTOS = YES_AGGRESSIVE;
				GCC_WARN_UNUSED_FUNCTION = YES;
				GCC_WARN_UNUSED_VARIABLE = YES;
				IPHONEOS_DEPLOYMENT_TARGET = 13.2;
				MTL_ENABLE_DEBUG_INFO = INCLUDE_SOURCE;
				MTL_FAST_MATH = YES;
				ONLY_ACTIVE_ARCH = YES;
				SDKROOT = iphoneos;
				SWIFT_ACTIVE_COMPILATION_CONDITIONS = DEBUG;
				SWIFT_OPTIMIZATION_LEVEL = "-Onone";
			};
			name = Debug;
		};
		83ADADB2242264A9005C038F /* Release */ = {
			isa = XCBuildConfiguration;
			buildSettings = {
				ALWAYS_SEARCH_USER_PATHS = NO;
				CLANG_ANALYZER_NONNULL = YES;
				CLANG_ANALYZER_NUMBER_OBJECT_CONVERSION = YES_AGGRESSIVE;
				CLANG_CXX_LANGUAGE_STANDARD = "gnu++14";
				CLANG_CXX_LIBRARY = "libc++";
				CLANG_ENABLE_MODULES = YES;
				CLANG_ENABLE_OBJC_ARC = YES;
				CLANG_ENABLE_OBJC_WEAK = YES;
				CLANG_WARN_BLOCK_CAPTURE_AUTORELEASING = YES;
				CLANG_WARN_BOOL_CONVERSION = YES;
				CLANG_WARN_COMMA = YES;
				CLANG_WARN_CONSTANT_CONVERSION = YES;
				CLANG_WARN_DEPRECATED_OBJC_IMPLEMENTATIONS = YES;
				CLANG_WARN_DIRECT_OBJC_ISA_USAGE = YES_ERROR;
				CLANG_WARN_DOCUMENTATION_COMMENTS = YES;
				CLANG_WARN_EMPTY_BODY = YES;
				CLANG_WARN_ENUM_CONVERSION = YES;
				CLANG_WARN_INFINITE_RECURSION = YES;
				CLANG_WARN_INT_CONVERSION = YES;
				CLANG_WARN_NON_LITERAL_NULL_CONVERSION = YES;
				CLANG_WARN_OBJC_IMPLICIT_RETAIN_SELF = YES;
				CLANG_WARN_OBJC_LITERAL_CONVERSION = YES;
				CLANG_WARN_OBJC_ROOT_CLASS = YES_ERROR;
				CLANG_WARN_RANGE_LOOP_ANALYSIS = YES;
				CLANG_WARN_STRICT_PROTOTYPES = YES;
				CLANG_WARN_SUSPICIOUS_MOVE = YES;
				CLANG_WARN_UNGUARDED_AVAILABILITY = YES_AGGRESSIVE;
				CLANG_WARN_UNREACHABLE_CODE = YES;
				CLANG_WARN__DUPLICATE_METHOD_MATCH = YES;
				COPY_PHASE_STRIP = NO;
				DEBUG_INFORMATION_FORMAT = "dwarf-with-dsym";
				ENABLE_NS_ASSERTIONS = NO;
				ENABLE_STRICT_OBJC_MSGSEND = YES;
				GCC_C_LANGUAGE_STANDARD = gnu11;
				GCC_NO_COMMON_BLOCKS = YES;
				GCC_WARN_64_TO_32_BIT_CONVERSION = YES;
				GCC_WARN_ABOUT_RETURN_TYPE = YES_ERROR;
				GCC_WARN_UNDECLARED_SELECTOR = YES;
				GCC_WARN_UNINITIALIZED_AUTOS = YES_AGGRESSIVE;
				GCC_WARN_UNUSED_FUNCTION = YES;
				GCC_WARN_UNUSED_VARIABLE = YES;
				IPHONEOS_DEPLOYMENT_TARGET = 13.2;
				MTL_ENABLE_DEBUG_INFO = NO;
				MTL_FAST_MATH = YES;
				SDKROOT = iphoneos;
				SWIFT_COMPILATION_MODE = wholemodule;
				SWIFT_OPTIMIZATION_LEVEL = "-O";
				VALIDATE_PRODUCT = YES;
			};
			name = Release;
		};
		83ADADB4242264A9005C038F /* Debug */ = {
			isa = XCBuildConfiguration;
			baseConfigurationReference = 5C8F02E04B6EF19A1298ADE6 /* Pods-HomeWork2.debug.xcconfig */;
			buildSettings = {
				ASSETCATALOG_COMPILER_APPICON_NAME = AppIcon;
				CODE_SIGN_STYLE = Automatic;
				DEVELOPMENT_TEAM = 9AGMRUUR65;
				INFOPLIST_FILE = HomeWork2/Info.plist;
				LD_RUNPATH_SEARCH_PATHS = (
					"$(inherited)",
					"@executable_path/Frameworks",
				);
				PRODUCT_BUNDLE_IDENTIFIER = astra.HomeWork2;
				PRODUCT_NAME = "$(TARGET_NAME)";
				SWIFT_VERSION = 5.0;
				TARGETED_DEVICE_FAMILY = 1;
			};
			name = Debug;
		};
		83ADADB5242264A9005C038F /* Release */ = {
			isa = XCBuildConfiguration;
			baseConfigurationReference = 477B997EE07B6CDD4F292A6C /* Pods-HomeWork2.release.xcconfig */;
			buildSettings = {
				ASSETCATALOG_COMPILER_APPICON_NAME = AppIcon;
				CODE_SIGN_STYLE = Automatic;
				DEVELOPMENT_TEAM = 9AGMRUUR65;
				INFOPLIST_FILE = HomeWork2/Info.plist;
				LD_RUNPATH_SEARCH_PATHS = (
					"$(inherited)",
					"@executable_path/Frameworks",
				);
				PRODUCT_BUNDLE_IDENTIFIER = astra.HomeWork2;
				PRODUCT_NAME = "$(TARGET_NAME)";
				SWIFT_VERSION = 5.0;
				TARGETED_DEVICE_FAMILY = 1;
			};
			name = Release;
		};
/* End XCBuildConfiguration section */

/* Begin XCConfigurationList section */
		83ADAD9A24226492005C038F /* Build configuration list for PBXProject "HomeWork2" */ = {
			isa = XCConfigurationList;
			buildConfigurations = (
				83ADADB1242264A9005C038F /* Debug */,
				83ADADB2242264A9005C038F /* Release */,
			);
			defaultConfigurationIsVisible = 0;
			defaultConfigurationName = Release;
		};
		83ADADB3242264A9005C038F /* Build configuration list for PBXNativeTarget "HomeWork2" */ = {
			isa = XCConfigurationList;
			buildConfigurations = (
				83ADADB4242264A9005C038F /* Debug */,
				83ADADB5242264A9005C038F /* Release */,
			);
			defaultConfigurationIsVisible = 0;
			defaultConfigurationName = Release;
		};
/* End XCConfigurationList section */
	};
	rootObject = 83ADAD9724226492005C038F /* Project object */;
}
