// !$*UTF8*$!
{
	archiveVersion = 1;
	classes = {
	};
	objectVersion = 50;
	objects = {

/* Begin PBXBuildFile section */
		0B6AD3D22424EF3000BC5C9E /* AppDelegate.swift in Sources */ = {isa = PBXBuildFile; fileRef = 0B6AD3D12424EF3000BC5C9E /* AppDelegate.swift */; };
		0B6AD3D42424EF3000BC5C9E /* SceneDelegate.swift in Sources */ = {isa = PBXBuildFile; fileRef = 0B6AD3D32424EF3000BC5C9E /* SceneDelegate.swift */; };
		0B6AD3D62424EF3000BC5C9E /* ViewController.swift in Sources */ = {isa = PBXBuildFile; fileRef = 0B6AD3D52424EF3000BC5C9E /* ViewController.swift */; };
		0B6AD3D92424EF3000BC5C9E /* Main.storyboard in Resources */ = {isa = PBXBuildFile; fileRef = 0B6AD3D72424EF3000BC5C9E /* Main.storyboard */; };
		0B6AD3DB2424EF3100BC5C9E /* Assets.xcassets in Resources */ = {isa = PBXBuildFile; fileRef = 0B6AD3DA2424EF3100BC5C9E /* Assets.xcassets */; };
		0B6AD3DE2424EF3100BC5C9E /* LaunchScreen.storyboard in Resources */ = {isa = PBXBuildFile; fileRef = 0B6AD3DC2424EF3100BC5C9E /* LaunchScreen.storyboard */; };
		0B6AD3E92424EF3200BC5C9E /* HW2Tests.swift in Sources */ = {isa = PBXBuildFile; fileRef = 0B6AD3E82424EF3200BC5C9E /* HW2Tests.swift */; };
		0B6AD3F42424EF3200BC5C9E /* HW2UITests.swift in Sources */ = {isa = PBXBuildFile; fileRef = 0B6AD3F32424EF3200BC5C9E /* HW2UITests.swift */; };
		0B6AD4022424F53B00BC5C9E /* Post.swift in Sources */ = {isa = PBXBuildFile; fileRef = 0B6AD4012424F53B00BC5C9E /* Post.swift */; };
		0B6AD4062424F67000BC5C9E /* MemeService.swift in Sources */ = {isa = PBXBuildFile; fileRef = 0B6AD4052424F67000BC5C9E /* MemeService.swift */; };
		0B6AD4082424FE6D00BC5C9E /* MemeCell.swift in Sources */ = {isa = PBXBuildFile; fileRef = 0B6AD4072424FE6D00BC5C9E /* MemeCell.swift */; };
		0B9A5E8A242BB9C900D877D0 /* Page.swift in Sources */ = {isa = PBXBuildFile; fileRef = 0B9A5E89242BB9C900D877D0 /* Page.swift */; };
		0BCBF2942428C658001DAF9B /* DetailViewController.swift in Sources */ = {isa = PBXBuildFile; fileRef = 0BCBF2932428C658001DAF9B /* DetailViewController.swift */; };
/* End PBXBuildFile section */

/* Begin PBXContainerItemProxy section */
		0B6AD3E52424EF3100BC5C9E /* PBXContainerItemProxy */ = {
			isa = PBXContainerItemProxy;
			containerPortal = 0B6AD3C62424EF3000BC5C9E /* Project object */;
			proxyType = 1;
			remoteGlobalIDString = 0B6AD3CD2424EF3000BC5C9E;
			remoteInfo = HW2;
		};
		0B6AD3F02424EF3200BC5C9E /* PBXContainerItemProxy */ = {
			isa = PBXContainerItemProxy;
			containerPortal = 0B6AD3C62424EF3000BC5C9E /* Project object */;
			proxyType = 1;
			remoteGlobalIDString = 0B6AD3CD2424EF3000BC5C9E;
			remoteInfo = HW2;
		};
/* End PBXContainerItemProxy section */

/* Begin PBXFileReference section */
		0B6AD3CE2424EF3000BC5C9E /* HW2.app */ = {isa = PBXFileReference; explicitFileType = wrapper.application; includeInIndex = 0; path = HW2.app; sourceTree = BUILT_PRODUCTS_DIR; };
		0B6AD3D12424EF3000BC5C9E /* AppDelegate.swift */ = {isa = PBXFileReference; lastKnownFileType = sourcecode.swift; path = AppDelegate.swift; sourceTree = "<group>"; };
		0B6AD3D32424EF3000BC5C9E /* SceneDelegate.swift */ = {isa = PBXFileReference; lastKnownFileType = sourcecode.swift; path = SceneDelegate.swift; sourceTree = "<group>"; };
		0B6AD3D52424EF3000BC5C9E /* ViewController.swift */ = {isa = PBXFileReference; lastKnownFileType = sourcecode.swift; path = ViewController.swift; sourceTree = "<group>"; };
		0B6AD3D82424EF3000BC5C9E /* Base */ = {isa = PBXFileReference; lastKnownFileType = file.storyboard; name = Base; path = Base.lproj/Main.storyboard; sourceTree = "<group>"; };
		0B6AD3DA2424EF3100BC5C9E /* Assets.xcassets */ = {isa = PBXFileReference; lastKnownFileType = folder.assetcatalog; path = Assets.xcassets; sourceTree = "<group>"; };
		0B6AD3DD2424EF3100BC5C9E /* Base */ = {isa = PBXFileReference; lastKnownFileType = file.storyboard; name = Base; path = Base.lproj/LaunchScreen.storyboard; sourceTree = "<group>"; };
		0B6AD3DF2424EF3100BC5C9E /* Info.plist */ = {isa = PBXFileReference; lastKnownFileType = text.plist.xml; path = Info.plist; sourceTree = "<group>"; };
		0B6AD3E42424EF3100BC5C9E /* HW2Tests.xctest */ = {isa = PBXFileReference; explicitFileType = wrapper.cfbundle; includeInIndex = 0; path = HW2Tests.xctest; sourceTree = BUILT_PRODUCTS_DIR; };
		0B6AD3E82424EF3200BC5C9E /* HW2Tests.swift */ = {isa = PBXFileReference; lastKnownFileType = sourcecode.swift; path = HW2Tests.swift; sourceTree = "<group>"; };
		0B6AD3EA2424EF3200BC5C9E /* Info.plist */ = {isa = PBXFileReference; lastKnownFileType = text.plist.xml; path = Info.plist; sourceTree = "<group>"; };
		0B6AD3EF2424EF3200BC5C9E /* HW2UITests.xctest */ = {isa = PBXFileReference; explicitFileType = wrapper.cfbundle; includeInIndex = 0; path = HW2UITests.xctest; sourceTree = BUILT_PRODUCTS_DIR; };
		0B6AD3F32424EF3200BC5C9E /* HW2UITests.swift */ = {isa = PBXFileReference; lastKnownFileType = sourcecode.swift; path = HW2UITests.swift; sourceTree = "<group>"; };
		0B6AD3F52424EF3200BC5C9E /* Info.plist */ = {isa = PBXFileReference; lastKnownFileType = text.plist.xml; path = Info.plist; sourceTree = "<group>"; };
		0B6AD4012424F53B00BC5C9E /* Post.swift */ = {isa = PBXFileReference; lastKnownFileType = sourcecode.swift; path = Post.swift; sourceTree = "<group>"; };
		0B6AD4052424F67000BC5C9E /* MemeService.swift */ = {isa = PBXFileReference; lastKnownFileType = sourcecode.swift; path = MemeService.swift; sourceTree = "<group>"; };
		0B6AD4072424FE6D00BC5C9E /* MemeCell.swift */ = {isa = PBXFileReference; lastKnownFileType = sourcecode.swift; path = MemeCell.swift; sourceTree = "<group>"; };
		0B9A5E89242BB9C900D877D0 /* Page.swift */ = {isa = PBXFileReference; lastKnownFileType = sourcecode.swift; path = Page.swift; sourceTree = "<group>"; };
		0BCBF2932428C658001DAF9B /* DetailViewController.swift */ = {isa = PBXFileReference; lastKnownFileType = sourcecode.swift; path = DetailViewController.swift; sourceTree = "<group>"; };
/* End PBXFileReference section */

/* Begin PBXFrameworksBuildPhase section */
		0B6AD3CB2424EF3000BC5C9E /* Frameworks */ = {
			isa = PBXFrameworksBuildPhase;
			buildActionMask = 2147483647;
			files = (
			);
			runOnlyForDeploymentPostprocessing = 0;
		};
		0B6AD3E12424EF3100BC5C9E /* Frameworks */ = {
			isa = PBXFrameworksBuildPhase;
			buildActionMask = 2147483647;
			files = (
			);
			runOnlyForDeploymentPostprocessing = 0;
		};
		0B6AD3EC2424EF3200BC5C9E /* Frameworks */ = {
			isa = PBXFrameworksBuildPhase;
			buildActionMask = 2147483647;
			files = (
			);
			runOnlyForDeploymentPostprocessing = 0;
		};
/* End PBXFrameworksBuildPhase section */

/* Begin PBXGroup section */
		0B6AD3C52424EF3000BC5C9E = {
			isa = PBXGroup;
			children = (
				0B6AD3D02424EF3000BC5C9E /* HW2 */,
				0B6AD3E72424EF3100BC5C9E /* HW2Tests */,
				0B6AD3F22424EF3200BC5C9E /* HW2UITests */,
				0B6AD3CF2424EF3000BC5C9E /* Products */,
			);
			sourceTree = "<group>";
		};
		0B6AD3CF2424EF3000BC5C9E /* Products */ = {
			isa = PBXGroup;
			children = (
				0B6AD3CE2424EF3000BC5C9E /* HW2.app */,
				0B6AD3E42424EF3100BC5C9E /* HW2Tests.xctest */,
				0B6AD3EF2424EF3200BC5C9E /* HW2UITests.xctest */,
			);
			name = Products;
			sourceTree = "<group>";
		};
		0B6AD3D02424EF3000BC5C9E /* HW2 */ = {
			isa = PBXGroup;
			children = (
				0B6AD3D12424EF3000BC5C9E /* AppDelegate.swift */,
				0B6AD3D32424EF3000BC5C9E /* SceneDelegate.swift */,
				0B6AD3D52424EF3000BC5C9E /* ViewController.swift */,
				0B6AD3D72424EF3000BC5C9E /* Main.storyboard */,
				0B6AD3DA2424EF3100BC5C9E /* Assets.xcassets */,
				0B6AD3DC2424EF3100BC5C9E /* LaunchScreen.storyboard */,
				0B6AD3DF2424EF3100BC5C9E /* Info.plist */,
				0B6AD4012424F53B00BC5C9E /* Post.swift */,
				0B6AD4052424F67000BC5C9E /* MemeService.swift */,
				0B6AD4072424FE6D00BC5C9E /* MemeCell.swift */,
				0BCBF2932428C658001DAF9B /* DetailViewController.swift */,
				0B9A5E89242BB9C900D877D0 /* Page.swift */,
			);
			path = HW2;
			sourceTree = "<group>";
		};
		0B6AD3E72424EF3100BC5C9E /* HW2Tests */ = {
			isa = PBXGroup;
			children = (
				0B6AD3E82424EF3200BC5C9E /* HW2Tests.swift */,
				0B6AD3EA2424EF3200BC5C9E /* Info.plist */,
			);
			path = HW2Tests;
			sourceTree = "<group>";
		};
		0B6AD3F22424EF3200BC5C9E /* HW2UITests */ = {
			isa = PBXGroup;
			children = (
				0B6AD3F32424EF3200BC5C9E /* HW2UITests.swift */,
				0B6AD3F52424EF3200BC5C9E /* Info.plist */,
			);
			path = HW2UITests;
			sourceTree = "<group>";
		};
/* End PBXGroup section */

/* Begin PBXNativeTarget section */
		0B6AD3CD2424EF3000BC5C9E /* HW2 */ = {
			isa = PBXNativeTarget;
			buildConfigurationList = 0B6AD3F82424EF3200BC5C9E /* Build configuration list for PBXNativeTarget "HW2" */;
			buildPhases = (
				0B6AD3CA2424EF3000BC5C9E /* Sources */,
				0B6AD3CB2424EF3000BC5C9E /* Frameworks */,
				0B6AD3CC2424EF3000BC5C9E /* Resources */,
			);
			buildRules = (
			);
			dependencies = (
			);
			name = HW2;
			productName = HW2;
			productReference = 0B6AD3CE2424EF3000BC5C9E /* HW2.app */;
			productType = "com.apple.product-type.application";
		};
		0B6AD3E32424EF3100BC5C9E /* HW2Tests */ = {
			isa = PBXNativeTarget;
			buildConfigurationList = 0B6AD3FB2424EF3200BC5C9E /* Build configuration list for PBXNativeTarget "HW2Tests" */;
			buildPhases = (
				0B6AD3E02424EF3100BC5C9E /* Sources */,
				0B6AD3E12424EF3100BC5C9E /* Frameworks */,
				0B6AD3E22424EF3100BC5C9E /* Resources */,
			);
			buildRules = (
			);
			dependencies = (
				0B6AD3E62424EF3100BC5C9E /* PBXTargetDependency */,
			);
			name = HW2Tests;
			productName = HW2Tests;
			productReference = 0B6AD3E42424EF3100BC5C9E /* HW2Tests.xctest */;
			productType = "com.apple.product-type.bundle.unit-test";
		};
		0B6AD3EE2424EF3200BC5C9E /* HW2UITests */ = {
			isa = PBXNativeTarget;
			buildConfigurationList = 0B6AD3FE2424EF3200BC5C9E /* Build configuration list for PBXNativeTarget "HW2UITests" */;
			buildPhases = (
				0B6AD3EB2424EF3200BC5C9E /* Sources */,
				0B6AD3EC2424EF3200BC5C9E /* Frameworks */,
				0B6AD3ED2424EF3200BC5C9E /* Resources */,
			);
			buildRules = (
			);
			dependencies = (
				0B6AD3F12424EF3200BC5C9E /* PBXTargetDependency */,
			);
			name = HW2UITests;
			productName = HW2UITests;
			productReference = 0B6AD3EF2424EF3200BC5C9E /* HW2UITests.xctest */;
			productType = "com.apple.product-type.bundle.ui-testing";
		};
/* End PBXNativeTarget section */

/* Begin PBXProject section */
		0B6AD3C62424EF3000BC5C9E /* Project object */ = {
			isa = PBXProject;
			attributes = {
				LastSwiftUpdateCheck = 1130;
				LastUpgradeCheck = 1130;
				ORGANIZATIONNAME = panandafog;
				TargetAttributes = {
					0B6AD3CD2424EF3000BC5C9E = {
						CreatedOnToolsVersion = 11.3.1;
					};
					0B6AD3E32424EF3100BC5C9E = {
						CreatedOnToolsVersion = 11.3.1;
						TestTargetID = 0B6AD3CD2424EF3000BC5C9E;
					};
					0B6AD3EE2424EF3200BC5C9E = {
						CreatedOnToolsVersion = 11.3.1;
						TestTargetID = 0B6AD3CD2424EF3000BC5C9E;
					};
				};
			};
			buildConfigurationList = 0B6AD3C92424EF3000BC5C9E /* Build configuration list for PBXProject "HW2" */;
			compatibilityVersion = "Xcode 9.3";
			developmentRegion = en;
			hasScannedForEncodings = 0;
			knownRegions = (
				en,
				Base,
			);
			mainGroup = 0B6AD3C52424EF3000BC5C9E;
			productRefGroup = 0B6AD3CF2424EF3000BC5C9E /* Products */;
			projectDirPath = "";
			projectRoot = "";
			targets = (
				0B6AD3CD2424EF3000BC5C9E /* HW2 */,
				0B6AD3E32424EF3100BC5C9E /* HW2Tests */,
				0B6AD3EE2424EF3200BC5C9E /* HW2UITests */,
			);
		};
/* End PBXProject section */

/* Begin PBXResourcesBuildPhase section */
		0B6AD3CC2424EF3000BC5C9E /* Resources */ = {
			isa = PBXResourcesBuildPhase;
			buildActionMask = 2147483647;
			files = (
				0B6AD3DE2424EF3100BC5C9E /* LaunchScreen.storyboard in Resources */,
				0B6AD3DB2424EF3100BC5C9E /* Assets.xcassets in Resources */,
				0B6AD3D92424EF3000BC5C9E /* Main.storyboard in Resources */,
			);
			runOnlyForDeploymentPostprocessing = 0;
		};
		0B6AD3E22424EF3100BC5C9E /* Resources */ = {
			isa = PBXResourcesBuildPhase;
			buildActionMask = 2147483647;
			files = (
			);
			runOnlyForDeploymentPostprocessing = 0;
		};
		0B6AD3ED2424EF3200BC5C9E /* Resources */ = {
			isa = PBXResourcesBuildPhase;
			buildActionMask = 2147483647;
			files = (
			);
			runOnlyForDeploymentPostprocessing = 0;
		};
/* End PBXResourcesBuildPhase section */

/* Begin PBXSourcesBuildPhase section */
		0B6AD3CA2424EF3000BC5C9E /* Sources */ = {
			isa = PBXSourcesBuildPhase;
			buildActionMask = 2147483647;
			files = (
				0B6AD3D62424EF3000BC5C9E /* ViewController.swift in Sources */,
				0B6AD4022424F53B00BC5C9E /* Post.swift in Sources */,
				0B9A5E8A242BB9C900D877D0 /* Page.swift in Sources */,
				0B6AD3D22424EF3000BC5C9E /* AppDelegate.swift in Sources */,
				0B6AD4082424FE6D00BC5C9E /* MemeCell.swift in Sources */,
				0B6AD4062424F67000BC5C9E /* MemeService.swift in Sources */,
				0B6AD3D42424EF3000BC5C9E /* SceneDelegate.swift in Sources */,
				0BCBF2942428C658001DAF9B /* DetailViewController.swift in Sources */,
			);
			runOnlyForDeploymentPostprocessing = 0;
		};
		0B6AD3E02424EF3100BC5C9E /* Sources */ = {
			isa = PBXSourcesBuildPhase;
			buildActionMask = 2147483647;
			files = (
				0B6AD3E92424EF3200BC5C9E /* HW2Tests.swift in Sources */,
			);
			runOnlyForDeploymentPostprocessing = 0;
		};
		0B6AD3EB2424EF3200BC5C9E /* Sources */ = {
			isa = PBXSourcesBuildPhase;
			buildActionMask = 2147483647;
			files = (
				0B6AD3F42424EF3200BC5C9E /* HW2UITests.swift in Sources */,
			);
			runOnlyForDeploymentPostprocessing = 0;
		};
/* End PBXSourcesBuildPhase section */

/* Begin PBXTargetDependency section */
		0B6AD3E62424EF3100BC5C9E /* PBXTargetDependency */ = {
			isa = PBXTargetDependency;
			target = 0B6AD3CD2424EF3000BC5C9E /* HW2 */;
			targetProxy = 0B6AD3E52424EF3100BC5C9E /* PBXContainerItemProxy */;
		};
		0B6AD3F12424EF3200BC5C9E /* PBXTargetDependency */ = {
			isa = PBXTargetDependency;
			target = 0B6AD3CD2424EF3000BC5C9E /* HW2 */;
			targetProxy = 0B6AD3F02424EF3200BC5C9E /* PBXContainerItemProxy */;
		};
/* End PBXTargetDependency section */

/* Begin PBXVariantGroup section */
		0B6AD3D72424EF3000BC5C9E /* Main.storyboard */ = {
			isa = PBXVariantGroup;
			children = (
				0B6AD3D82424EF3000BC5C9E /* Base */,
			);
			name = Main.storyboard;
			sourceTree = "<group>";
		};
		0B6AD3DC2424EF3100BC5C9E /* LaunchScreen.storyboard */ = {
			isa = PBXVariantGroup;
			children = (
				0B6AD3DD2424EF3100BC5C9E /* Base */,
			);
			name = LaunchScreen.storyboard;
			sourceTree = "<group>";
		};
/* End PBXVariantGroup section */

/* Begin XCBuildConfiguration section */
		0B6AD3F62424EF3200BC5C9E /* Debug */ = {
			isa = XCBuildConfiguration;
			buildSettings = {
				ALWAYS_SEARCH_USER_PATHS = NO;
				CLANG_ANALYZER_NONNULL = YES;
				CLANG_ANALYZER_NUMBER_OBJECT_CONVERSION = YES_AGGRESSIVE;
				CLANG_CXX_LANGUAGE_STANDARD = "gnu++14";
				CLANG_CXX_LIBRARY = "libc++";
				CLANG_ENABLE_MODULES = YES;
				CLANG_ENABLE_OBJC_ARC = YES;
				CLANG_ENABLE_OBJC_WEAK = YES;
				CLANG_WARN_BLOCK_CAPTURE_AUTORELEASING = YES;
				CLANG_WARN_BOOL_CONVERSION = YES;
				CLANG_WARN_COMMA = YES;
				CLANG_WARN_CONSTANT_CONVERSION = YES;
				CLANG_WARN_DEPRECATED_OBJC_IMPLEMENTATIONS = YES;
				CLANG_WARN_DIRECT_OBJC_ISA_USAGE = YES_ERROR;
				CLANG_WARN_DOCUMENTATION_COMMENTS = YES;
				CLANG_WARN_EMPTY_BODY = YES;
				CLANG_WARN_ENUM_CONVERSION = YES;
				CLANG_WARN_INFINITE_RECURSION = YES;
				CLANG_WARN_INT_CONVERSION = YES;
				CLANG_WARN_NON_LITERAL_NULL_CONVERSION = YES;
				CLANG_WARN_OBJC_IMPLICIT_RETAIN_SELF = YES;
				CLANG_WARN_OBJC_LITERAL_CONVERSION = YES;
				CLANG_WARN_OBJC_ROOT_CLASS = YES_ERROR;
				CLANG_WARN_RANGE_LOOP_ANALYSIS = YES;
				CLANG_WARN_STRICT_PROTOTYPES = YES;
				CLANG_WARN_SUSPICIOUS_MOVE = YES;
				CLANG_WARN_UNGUARDED_AVAILABILITY = YES_AGGRESSIVE;
				CLANG_WARN_UNREACHABLE_CODE = YES;
				CLANG_WARN__DUPLICATE_METHOD_MATCH = YES;
				COPY_PHASE_STRIP = NO;
				DEBUG_INFORMATION_FORMAT = dwarf;
				ENABLE_STRICT_OBJC_MSGSEND = YES;
				ENABLE_TESTABILITY = YES;
				GCC_C_LANGUAGE_STANDARD = gnu11;
				GCC_DYNAMIC_NO_PIC = NO;
				GCC_NO_COMMON_BLOCKS = YES;
				GCC_OPTIMIZATION_LEVEL = 0;
				GCC_PREPROCESSOR_DEFINITIONS = (
					"DEBUG=1",
					"$(inherited)",
				);
				GCC_WARN_64_TO_32_BIT_CONVERSION = YES;
				GCC_WARN_ABOUT_RETURN_TYPE = YES_ERROR;
				GCC_WARN_UNDECLARED_SELECTOR = YES;
				GCC_WARN_UNINITIALIZED_AUTOS = YES_AGGRESSIVE;
				GCC_WARN_UNUSED_FUNCTION = YES;
				GCC_WARN_UNUSED_VARIABLE = YES;
				IPHONEOS_DEPLOYMENT_TARGET = 13.2;
				MTL_ENABLE_DEBUG_INFO = INCLUDE_SOURCE;
				MTL_FAST_MATH = YES;
				ONLY_ACTIVE_ARCH = YES;
				SDKROOT = iphoneos;
				SWIFT_ACTIVE_COMPILATION_CONDITIONS = DEBUG;
				SWIFT_OPTIMIZATION_LEVEL = "-Onone";
			};
			name = Debug;
		};
		0B6AD3F72424EF3200BC5C9E /* Release */ = {
			isa = XCBuildConfiguration;
			buildSettings = {
				ALWAYS_SEARCH_USER_PATHS = NO;
				CLANG_ANALYZER_NONNULL = YES;
				CLANG_ANALYZER_NUMBER_OBJECT_CONVERSION = YES_AGGRESSIVE;
				CLANG_CXX_LANGUAGE_STANDARD = "gnu++14";
				CLANG_CXX_LIBRARY = "libc++";
				CLANG_ENABLE_MODULES = YES;
				CLANG_ENABLE_OBJC_ARC = YES;
				CLANG_ENABLE_OBJC_WEAK = YES;
				CLANG_WARN_BLOCK_CAPTURE_AUTORELEASING = YES;
				CLANG_WARN_BOOL_CONVERSION = YES;
				CLANG_WARN_COMMA = YES;
				CLANG_WARN_CONSTANT_CONVERSION = YES;
				CLANG_WARN_DEPRECATED_OBJC_IMPLEMENTATIONS = YES;
				CLANG_WARN_DIRECT_OBJC_ISA_USAGE = YES_ERROR;
				CLANG_WARN_DOCUMENTATION_COMMENTS = YES;
				CLANG_WARN_EMPTY_BODY = YES;
				CLANG_WARN_ENUM_CONVERSION = YES;
				CLANG_WARN_INFINITE_RECURSION = YES;
				CLANG_WARN_INT_CONVERSION = YES;
				CLANG_WARN_NON_LITERAL_NULL_CONVERSION = YES;
				CLANG_WARN_OBJC_IMPLICIT_RETAIN_SELF = YES;
				CLANG_WARN_OBJC_LITERAL_CONVERSION = YES;
				CLANG_WARN_OBJC_ROOT_CLASS = YES_ERROR;
				CLANG_WARN_RANGE_LOOP_ANALYSIS = YES;
				CLANG_WARN_STRICT_PROTOTYPES = YES;
				CLANG_WARN_SUSPICIOUS_MOVE = YES;
				CLANG_WARN_UNGUARDED_AVAILABILITY = YES_AGGRESSIVE;
				CLANG_WARN_UNREACHABLE_CODE = YES;
				CLANG_WARN__DUPLICATE_METHOD_MATCH = YES;
				COPY_PHASE_STRIP = NO;
				DEBUG_INFORMATION_FORMAT = "dwarf-with-dsym";
				ENABLE_NS_ASSERTIONS = NO;
				ENABLE_STRICT_OBJC_MSGSEND = YES;
				GCC_C_LANGUAGE_STANDARD = gnu11;
				GCC_NO_COMMON_BLOCKS = YES;
				GCC_WARN_64_TO_32_BIT_CONVERSION = YES;
				GCC_WARN_ABOUT_RETURN_TYPE = YES_ERROR;
				GCC_WARN_UNDECLARED_SELECTOR = YES;
				GCC_WARN_UNINITIALIZED_AUTOS = YES_AGGRESSIVE;
				GCC_WARN_UNUSED_FUNCTION = YES;
				GCC_WARN_UNUSED_VARIABLE = YES;
				IPHONEOS_DEPLOYMENT_TARGET = 13.2;
				MTL_ENABLE_DEBUG_INFO = NO;
				MTL_FAST_MATH = YES;
				SDKROOT = iphoneos;
				SWIFT_COMPILATION_MODE = wholemodule;
				SWIFT_OPTIMIZATION_LEVEL = "-O";
				VALIDATE_PRODUCT = YES;
			};
			name = Release;
		};
		0B6AD3F92424EF3200BC5C9E /* Debug */ = {
			isa = XCBuildConfiguration;
			buildSettings = {
				ASSETCATALOG_COMPILER_APPICON_NAME = AppIcon;
				CODE_SIGN_STYLE = Automatic;
				DEVELOPMENT_TEAM = 3HG9ZBM8AV;
				INFOPLIST_FILE = HW2/Info.plist;
				LD_RUNPATH_SEARCH_PATHS = (
					"$(inherited)",
					"@executable_path/Frameworks",
				);
				PRODUCT_BUNDLE_IDENTIFIER = "-.HW2";
				PRODUCT_NAME = "$(TARGET_NAME)";
				SWIFT_VERSION = 5.0;
				TARGETED_DEVICE_FAMILY = "1,2";
			};
			name = Debug;
		};
		0B6AD3FA2424EF3200BC5C9E /* Release */ = {
			isa = XCBuildConfiguration;
			buildSettings = {
				ASSETCATALOG_COMPILER_APPICON_NAME = AppIcon;
				CODE_SIGN_STYLE = Automatic;
				DEVELOPMENT_TEAM = 3HG9ZBM8AV;
				INFOPLIST_FILE = HW2/Info.plist;
				LD_RUNPATH_SEARCH_PATHS = (
					"$(inherited)",
					"@executable_path/Frameworks",
				);
				PRODUCT_BUNDLE_IDENTIFIER = "-.HW2";
				PRODUCT_NAME = "$(TARGET_NAME)";
				SWIFT_VERSION = 5.0;
				TARGETED_DEVICE_FAMILY = "1,2";
			};
			name = Release;
		};
		0B6AD3FC2424EF3200BC5C9E /* Debug */ = {
			isa = XCBuildConfiguration;
			buildSettings = {
				ALWAYS_EMBED_SWIFT_STANDARD_LIBRARIES = YES;
				BUNDLE_LOADER = "$(TEST_HOST)";
				CODE_SIGN_STYLE = Automatic;
				DEVELOPMENT_TEAM = 3HG9ZBM8AV;
				INFOPLIST_FILE = HW2Tests/Info.plist;
				IPHONEOS_DEPLOYMENT_TARGET = 13.2;
				LD_RUNPATH_SEARCH_PATHS = (
					"$(inherited)",
					"@executable_path/Frameworks",
					"@loader_path/Frameworks",
				);
				PRODUCT_BUNDLE_IDENTIFIER = "-.HW2Tests";
				PRODUCT_NAME = "$(TARGET_NAME)";
				SWIFT_VERSION = 5.0;
				TARGETED_DEVICE_FAMILY = "1,2";
				TEST_HOST = "$(BUILT_PRODUCTS_DIR)/HW2.app/HW2";
			};
			name = Debug;
		};
		0B6AD3FD2424EF3200BC5C9E /* Release */ = {
			isa = XCBuildConfiguration;
			buildSettings = {
				ALWAYS_EMBED_SWIFT_STANDARD_LIBRARIES = YES;
				BUNDLE_LOADER = "$(TEST_HOST)";
				CODE_SIGN_STYLE = Automatic;
				DEVELOPMENT_TEAM = 3HG9ZBM8AV;
				INFOPLIST_FILE = HW2Tests/Info.plist;
				IPHONEOS_DEPLOYMENT_TARGET = 13.2;
				LD_RUNPATH_SEARCH_PATHS = (
					"$(inherited)",
					"@executable_path/Frameworks",
					"@loader_path/Frameworks",
				);
				PRODUCT_BUNDLE_IDENTIFIER = "-.HW2Tests";
				PRODUCT_NAME = "$(TARGET_NAME)";
				SWIFT_VERSION = 5.0;
				TARGETED_DEVICE_FAMILY = "1,2";
				TEST_HOST = "$(BUILT_PRODUCTS_DIR)/HW2.app/HW2";
			};
			name = Release;
		};
		0B6AD3FF2424EF3200BC5C9E /* Debug */ = {
			isa = XCBuildConfiguration;
			buildSettings = {
				ALWAYS_EMBED_SWIFT_STANDARD_LIBRARIES = YES;
				CODE_SIGN_STYLE = Automatic;
				DEVELOPMENT_TEAM = 3HG9ZBM8AV;
				INFOPLIST_FILE = HW2UITests/Info.plist;
				LD_RUNPATH_SEARCH_PATHS = (
					"$(inherited)",
					"@executable_path/Frameworks",
					"@loader_path/Frameworks",
				);
				PRODUCT_BUNDLE_IDENTIFIER = "-.HW2UITests";
				PRODUCT_NAME = "$(TARGET_NAME)";
				SWIFT_VERSION = 5.0;
				TARGETED_DEVICE_FAMILY = "1,2";
				TEST_TARGET_NAME = HW2;
			};
			name = Debug;
		};
		0B6AD4002424EF3200BC5C9E /* Release */ = {
			isa = XCBuildConfiguration;
			buildSettings = {
				ALWAYS_EMBED_SWIFT_STANDARD_LIBRARIES = YES;
				CODE_SIGN_STYLE = Automatic;
				DEVELOPMENT_TEAM = 3HG9ZBM8AV;
				INFOPLIST_FILE = HW2UITests/Info.plist;
				LD_RUNPATH_SEARCH_PATHS = (
					"$(inherited)",
					"@executable_path/Frameworks",
					"@loader_path/Frameworks",
				);
				PRODUCT_BUNDLE_IDENTIFIER = "-.HW2UITests";
				PRODUCT_NAME = "$(TARGET_NAME)";
				SWIFT_VERSION = 5.0;
				TARGETED_DEVICE_FAMILY = "1,2";
				TEST_TARGET_NAME = HW2;
			};
			name = Release;
		};
/* End XCBuildConfiguration section */

/* Begin XCConfigurationList section */
		0B6AD3C92424EF3000BC5C9E /* Build configuration list for PBXProject "HW2" */ = {
			isa = XCConfigurationList;
			buildConfigurations = (
				0B6AD3F62424EF3200BC5C9E /* Debug */,
				0B6AD3F72424EF3200BC5C9E /* Release */,
			);
			defaultConfigurationIsVisible = 0;
			defaultConfigurationName = Release;
		};
		0B6AD3F82424EF3200BC5C9E /* Build configuration list for PBXNativeTarget "HW2" */ = {
			isa = XCConfigurationList;
			buildConfigurations = (
				0B6AD3F92424EF3200BC5C9E /* Debug */,
				0B6AD3FA2424EF3200BC5C9E /* Release */,
			);
			defaultConfigurationIsVisible = 0;
			defaultConfigurationName = Release;
		};
		0B6AD3FB2424EF3200BC5C9E /* Build configuration list for PBXNativeTarget "HW2Tests" */ = {
			isa = XCConfigurationList;
			buildConfigurations = (
				0B6AD3FC2424EF3200BC5C9E /* Debug */,
				0B6AD3FD2424EF3200BC5C9E /* Release */,
			);
			defaultConfigurationIsVisible = 0;
			defaultConfigurationName = Release;
		};
		0B6AD3FE2424EF3200BC5C9E /* Build configuration list for PBXNativeTarget "HW2UITests" */ = {
			isa = XCConfigurationList;
			buildConfigurations = (
				0B6AD3FF2424EF3200BC5C9E /* Debug */,
				0B6AD4002424EF3200BC5C9E /* Release */,
			);
			defaultConfigurationIsVisible = 0;
			defaultConfigurationName = Release;
		};
/* End XCConfigurationList section */
	};
	rootObject = 0B6AD3C62424EF3000BC5C9E /* Project object */;
}
