PODS:
  - Alamofire (4.8.1)
  - Kingfisher (5.2.0)
  - ReachabilitySwift (4.3.0)
  - Realm (3.13.1):
    - Realm/Headers (= 3.13.1)
  - Realm/Headers (3.13.1)
  - RealmSwift (3.13.1):
    - Realm (= 3.13.1)
  - SwiftLint (0.31.0)

DEPENDENCIES:
  - Alamofire
  - Kingfisher
  - ReachabilitySwift
  - RealmSwift
  - SwiftLint

SPEC REPOS:
  https://github.com/cocoapods/specs.git:
    - Alamofire
    - Kingfisher
    - ReachabilitySwift
    - Realm
    - RealmSwift
    - SwiftLint

SPEC CHECKSUMS:
  Alamofire: 16ce2c353fb72865124ddae8a57c5942388f4f11
  Kingfisher: 07067cfacf371117330dceb4b4b8f5c4b691ab42
  ReachabilitySwift: 408477d1b6ed9779dba301953171e017c31241f3
  Realm: 50071da38fe079e0735e47c9f2eae738c68c5996
  RealmSwift: 8a1e6a02b7a08cd17a31e3115143fb69fe5f3fb9
  SwiftLint: 7a0227733d786395817373b2d0ca799fd0093ff3

PODFILE CHECKSUM: 1ee616a491c0577c7da9b071a696760f8b7ca9f6

COCOAPODS: 1.5.3
