PODS:
  - Alamofire (4.8.1)
  - SwiftLint (0.31.0)

DEPENDENCIES:
  - Alamofire
  - SwiftLint

SPEC REPOS:
  https://github.com/cocoapods/specs.git:
    - Alamofire
    - SwiftLint

SPEC CHECKSUMS:
  Alamofire: 16ce2c353fb72865124ddae8a57c5942388f4f11
  SwiftLint: 7a0227733d786395817373b2d0ca799fd0093ff3

PODFILE CHECKSUM: c6fa3efbc0bb26f0a38549f8e916dc73b310af6b

COCOAPODS: 1.6.1
