PODS:
  - Reusable (4.1.1):
    - Reusable/Storyboard (= 4.1.1)
    - Reusable/View (= 4.1.1)
  - Reusable/Storyboard (4.1.1)
  - Reusable/View (4.1.1)
  - SwiftLint (0.39.1)

DEPENDENCIES:
  - Reusable
  - SwiftLint

SPEC REPOS:
  trunk:
    - Reusable
    - SwiftLint

SPEC CHECKSUMS:
  Reusable: 53a9acf5c536f229b31b5865782414b508252ddb
  SwiftLint: 55e96a4a4d537d4a3156859fc1c54bd24851a046

PODFILE CHECKSUM: 6059150a644721af3f9114ed723e50e36c7cde09

COCOAPODS: 1.9.1
