// !$*UTF8*$!
{
	archiveVersion = 1;
	classes = {
	};
	objectVersion = 50;
	objects = {

/* Begin PBXBuildFile section */
		789A521C2412F4FA0064F095 /* CharacterDetailViewController.swift in Sources */ = {isa = PBXBuildFile; fileRef = 789A521B2412F4FA0064F095 /* CharacterDetailViewController.swift */; };
		78C4079D2412564E00623C06 /* AppDelegate.swift in Sources */ = {isa = PBXBuildFile; fileRef = 78C4079C2412564E00623C06 /* AppDelegate.swift */; };
		78C4079F2412564E00623C06 /* SceneDelegate.swift in Sources */ = {isa = PBXBuildFile; fileRef = 78C4079E2412564E00623C06 /* SceneDelegate.swift */; };
		78C407A12412564E00623C06 /* CharacterViewController.swift in Sources */ = {isa = PBXBuildFile; fileRef = 78C407A02412564E00623C06 /* CharacterViewController.swift */; };
		78C407A42412564E00623C06 /* Main.storyboard in Resources */ = {isa = PBXBuildFile; fileRef = 78C407A22412564E00623C06 /* Main.storyboard */; };
		78C407A62412565000623C06 /* Assets.xcassets in Resources */ = {isa = PBXBuildFile; fileRef = 78C407A52412565000623C06 /* Assets.xcassets */; };
		78C407A92412565000623C06 /* LaunchScreen.storyboard in Resources */ = {isa = PBXBuildFile; fileRef = 78C407A72412565000623C06 /* LaunchScreen.storyboard */; };
		78C407B42412565100623C06 /* RickAndMortyTests.swift in Sources */ = {isa = PBXBuildFile; fileRef = 78C407B32412565100623C06 /* RickAndMortyTests.swift */; };
		78C407BF2412565E00623C06 /* Character.swift in Sources */ = {isa = PBXBuildFile; fileRef = 78C407BE2412565E00623C06 /* Character.swift */; };
		78C407C2241256B000623C06 /* CharacterService.swift in Sources */ = {isa = PBXBuildFile; fileRef = 78C407C1241256B000623C06 /* CharacterService.swift */; };
		78C407C42412576B00623C06 /* Page.swift in Sources */ = {isa = PBXBuildFile; fileRef = 78C407C32412576B00623C06 /* Page.swift */; };
		78C407C72412DA1D00623C06 /* CharacterTableViewCell.swift in Sources */ = {isa = PBXBuildFile; fileRef = 78C407C62412DA1D00623C06 /* CharacterTableViewCell.swift */; };
/* End PBXBuildFile section */

/* Begin PBXContainerItemProxy section */
		78C407B02412565100623C06 /* PBXContainerItemProxy */ = {
			isa = PBXContainerItemProxy;
			containerPortal = 78C407912412564E00623C06 /* Project object */;
			proxyType = 1;
			remoteGlobalIDString = 78C407982412564E00623C06;
			remoteInfo = RickAndMorty;
		};
/* End PBXContainerItemProxy section */

/* Begin PBXFileReference section */
		789A521B2412F4FA0064F095 /* CharacterDetailViewController.swift */ = {isa = PBXFileReference; lastKnownFileType = sourcecode.swift; path = CharacterDetailViewController.swift; sourceTree = "<group>"; };
		78C407992412564E00623C06 /* RickAndMorty.app */ = {isa = PBXFileReference; explicitFileType = wrapper.application; includeInIndex = 0; path = RickAndMorty.app; sourceTree = BUILT_PRODUCTS_DIR; };
		78C4079C2412564E00623C06 /* AppDelegate.swift */ = {isa = PBXFileReference; lastKnownFileType = sourcecode.swift; path = AppDelegate.swift; sourceTree = "<group>"; };
		78C4079E2412564E00623C06 /* SceneDelegate.swift */ = {isa = PBXFileReference; lastKnownFileType = sourcecode.swift; path = SceneDelegate.swift; sourceTree = "<group>"; };
		78C407A02412564E00623C06 /* CharacterViewController.swift */ = {isa = PBXFileReference; lastKnownFileType = sourcecode.swift; path = CharacterViewController.swift; sourceTree = "<group>"; };
		78C407A32412564E00623C06 /* Base */ = {isa = PBXFileReference; lastKnownFileType = file.storyboard; name = Base; path = Base.lproj/Main.storyboard; sourceTree = "<group>"; };
		78C407A52412565000623C06 /* Assets.xcassets */ = {isa = PBXFileReference; lastKnownFileType = folder.assetcatalog; path = Assets.xcassets; sourceTree = "<group>"; };
		78C407A82412565000623C06 /* Base */ = {isa = PBXFileReference; lastKnownFileType = file.storyboard; name = Base; path = Base.lproj/LaunchScreen.storyboard; sourceTree = "<group>"; };
		78C407AA2412565000623C06 /* Info.plist */ = {isa = PBXFileReference; lastKnownFileType = text.plist.xml; path = Info.plist; sourceTree = "<group>"; };
		78C407AF2412565100623C06 /* RickAndMortyTests.xctest */ = {isa = PBXFileReference; explicitFileType = wrapper.cfbundle; includeInIndex = 0; path = RickAndMortyTests.xctest; sourceTree = BUILT_PRODUCTS_DIR; };
		78C407B32412565100623C06 /* RickAndMortyTests.swift */ = {isa = PBXFileReference; lastKnownFileType = sourcecode.swift; path = RickAndMortyTests.swift; sourceTree = "<group>"; };
		78C407B52412565100623C06 /* Info.plist */ = {isa = PBXFileReference; lastKnownFileType = text.plist.xml; path = Info.plist; sourceTree = "<group>"; };
		78C407BE2412565E00623C06 /* Character.swift */ = {isa = PBXFileReference; lastKnownFileType = sourcecode.swift; path = Character.swift; sourceTree = "<group>"; };
		78C407C1241256B000623C06 /* CharacterService.swift */ = {isa = PBXFileReference; lastKnownFileType = sourcecode.swift; path = CharacterService.swift; sourceTree = "<group>"; };
		78C407C32412576B00623C06 /* Page.swift */ = {isa = PBXFileReference; lastKnownFileType = sourcecode.swift; path = Page.swift; sourceTree = "<group>"; };
		78C407C62412DA1D00623C06 /* CharacterTableViewCell.swift */ = {isa = PBXFileReference; lastKnownFileType = sourcecode.swift; path = CharacterTableViewCell.swift; sourceTree = "<group>"; };
/* End PBXFileReference section */

/* Begin PBXFrameworksBuildPhase section */
		78C407962412564E00623C06 /* Frameworks */ = {
			isa = PBXFrameworksBuildPhase;
			buildActionMask = 2147483647;
			files = (
			);
			runOnlyForDeploymentPostprocessing = 0;
		};
		78C407AC2412565100623C06 /* Frameworks */ = {
			isa = PBXFrameworksBuildPhase;
			buildActionMask = 2147483647;
			files = (
			);
			runOnlyForDeploymentPostprocessing = 0;
		};
/* End PBXFrameworksBuildPhase section */

/* Begin PBXGroup section */
		789A521D2412F4FE0064F095 /* Detail */ = {
			isa = PBXGroup;
			children = (
				789A521B2412F4FA0064F095 /* CharacterDetailViewController.swift */,
			);
			path = Detail;
			sourceTree = "<group>";
		};
		789A521E2412F5060064F095 /* Character */ = {
			isa = PBXGroup;
			children = (
				78C407C82412DA4700623C06 /* List */,
				789A521D2412F4FE0064F095 /* Detail */,
			);
			path = Character;
			sourceTree = "<group>";
		};
		78C407902412564E00623C06 = {
			isa = PBXGroup;
			children = (
				78C4079B2412564E00623C06 /* RickAndMorty */,
				78C407B22412565100623C06 /* RickAndMortyTests */,
				78C4079A2412564E00623C06 /* Products */,
			);
			sourceTree = "<group>";
		};
		78C4079A2412564E00623C06 /* Products */ = {
			isa = PBXGroup;
			children = (
				78C407992412564E00623C06 /* RickAndMorty.app */,
				78C407AF2412565100623C06 /* RickAndMortyTests.xctest */,
			);
			name = Products;
			sourceTree = "<group>";
		};
		78C4079B2412564E00623C06 /* RickAndMorty */ = {
			isa = PBXGroup;
			children = (
				78C4079C2412564E00623C06 /* AppDelegate.swift */,
				78C4079E2412564E00623C06 /* SceneDelegate.swift */,
				78C407C0241256A400623C06 /* Model */,
				78C407C52412D8E000623C06 /* Service */,
				78C407C92412DA4D00623C06 /* Screen */,
				78C407A22412564E00623C06 /* Main.storyboard */,
				78C407A52412565000623C06 /* Assets.xcassets */,
				78C407A72412565000623C06 /* LaunchScreen.storyboard */,
				78C407AA2412565000623C06 /* Info.plist */,
			);
			path = RickAndMorty;
			sourceTree = "<group>";
		};
		78C407B22412565100623C06 /* RickAndMortyTests */ = {
			isa = PBXGroup;
			children = (
				78C407B32412565100623C06 /* RickAndMortyTests.swift */,
				78C407B52412565100623C06 /* Info.plist */,
			);
			path = RickAndMortyTests;
			sourceTree = "<group>";
		};
		78C407C0241256A400623C06 /* Model */ = {
			isa = PBXGroup;
			children = (
				78C407BE2412565E00623C06 /* Character.swift */,
				78C407C32412576B00623C06 /* Page.swift */,
			);
			path = Model;
			sourceTree = "<group>";
		};
		78C407C52412D8E000623C06 /* Service */ = {
			isa = PBXGroup;
			children = (
				78C407C1241256B000623C06 /* CharacterService.swift */,
			);
			path = Service;
			sourceTree = "<group>";
		};
		78C407C82412DA4700623C06 /* List */ = {
			isa = PBXGroup;
			children = (
				78C407CA2412DA5F00623C06 /* Cell */,
				78C407A02412564E00623C06 /* CharacterViewController.swift */,
			);
			path = List;
			sourceTree = "<group>";
		};
		78C407C92412DA4D00623C06 /* Screen */ = {
			isa = PBXGroup;
			children = (
				789A521E2412F5060064F095 /* Character */,
			);
			path = Screen;
			sourceTree = "<group>";
		};
		78C407CA2412DA5F00623C06 /* Cell */ = {
			isa = PBXGroup;
			children = (
				78C407C62412DA1D00623C06 /* CharacterTableViewCell.swift */,
			);
			path = Cell;
			sourceTree = "<group>";
		};
/* End PBXGroup section */

/* Begin PBXNativeTarget section */
		78C407982412564E00623C06 /* RickAndMorty */ = {
			isa = PBXNativeTarget;
			buildConfigurationList = 78C407B82412565100623C06 /* Build configuration list for PBXNativeTarget "RickAndMorty" */;
			buildPhases = (
				78C407952412564E00623C06 /* Sources */,
				78C407962412564E00623C06 /* Frameworks */,
				78C407972412564E00623C06 /* Resources */,
			);
			buildRules = (
			);
			dependencies = (
			);
			name = RickAndMorty;
			productName = RickAndMorty;
			productReference = 78C407992412564E00623C06 /* RickAndMorty.app */;
			productType = "com.apple.product-type.application";
		};
		78C407AE2412565100623C06 /* RickAndMortyTests */ = {
			isa = PBXNativeTarget;
			buildConfigurationList = 78C407BB2412565100623C06 /* Build configuration list for PBXNativeTarget "RickAndMortyTests" */;
			buildPhases = (
				78C407AB2412565100623C06 /* Sources */,
				78C407AC2412565100623C06 /* Frameworks */,
				78C407AD2412565100623C06 /* Resources */,
			);
			buildRules = (
			);
			dependencies = (
				78C407B12412565100623C06 /* PBXTargetDependency */,
			);
			name = RickAndMortyTests;
			productName = RickAndMortyTests;
			productReference = 78C407AF2412565100623C06 /* RickAndMortyTests.xctest */;
			productType = "com.apple.product-type.bundle.unit-test";
		};
/* End PBXNativeTarget section */

/* Begin PBXProject section */
		78C407912412564E00623C06 /* Project object */ = {
			isa = PBXProject;
			attributes = {
				LastSwiftUpdateCheck = 1130;
				LastUpgradeCheck = 1130;
				ORGANIZATIONNAME = "Anton Nazarov";
				TargetAttributes = {
					78C407982412564E00623C06 = {
						CreatedOnToolsVersion = 11.3.1;
					};
					78C407AE2412565100623C06 = {
						CreatedOnToolsVersion = 11.3.1;
						TestTargetID = 78C407982412564E00623C06;
					};
				};
			};
			buildConfigurationList = 78C407942412564E00623C06 /* Build configuration list for PBXProject "RickAndMorty" */;
			compatibilityVersion = "Xcode 9.3";
			developmentRegion = en;
			hasScannedForEncodings = 0;
			knownRegions = (
				en,
				Base,
			);
			mainGroup = 78C407902412564E00623C06;
			productRefGroup = 78C4079A2412564E00623C06 /* Products */;
			projectDirPath = "";
			projectRoot = "";
			targets = (
				78C407982412564E00623C06 /* RickAndMorty */,
				78C407AE2412565100623C06 /* RickAndMortyTests */,
			);
		};
/* End PBXProject section */

/* Begin PBXResourcesBuildPhase section */
		78C407972412564E00623C06 /* Resources */ = {
			isa = PBXResourcesBuildPhase;
			buildActionMask = 2147483647;
			files = (
				78C407A92412565000623C06 /* LaunchScreen.storyboard in Resources */,
				78C407A62412565000623C06 /* Assets.xcassets in Resources */,
				78C407A42412564E00623C06 /* Main.storyboard in Resources */,
			);
			runOnlyForDeploymentPostprocessing = 0;
		};
		78C407AD2412565100623C06 /* Resources */ = {
			isa = PBXResourcesBuildPhase;
			buildActionMask = 2147483647;
			files = (
			);
			runOnlyForDeploymentPostprocessing = 0;
		};
/* End PBXResourcesBuildPhase section */

/* Begin PBXSourcesBuildPhase section */
		78C407952412564E00623C06 /* Sources */ = {
			isa = PBXSourcesBuildPhase;
			buildActionMask = 2147483647;
			files = (
				78C407C2241256B000623C06 /* CharacterService.swift in Sources */,
				78C407C72412DA1D00623C06 /* CharacterTableViewCell.swift in Sources */,
				78C407A12412564E00623C06 /* CharacterViewController.swift in Sources */,
				78C407C42412576B00623C06 /* Page.swift in Sources */,
				78C4079D2412564E00623C06 /* AppDelegate.swift in Sources */,
				789A521C2412F4FA0064F095 /* CharacterDetailViewController.swift in Sources */,
				78C4079F2412564E00623C06 /* SceneDelegate.swift in Sources */,
				78C407BF2412565E00623C06 /* Character.swift in Sources */,
			);
			runOnlyForDeploymentPostprocessing = 0;
		};
		78C407AB2412565100623C06 /* Sources */ = {
			isa = PBXSourcesBuildPhase;
			buildActionMask = 2147483647;
			files = (
				78C407B42412565100623C06 /* RickAndMortyTests.swift in Sources */,
			);
			runOnlyForDeploymentPostprocessing = 0;
		};
/* End PBXSourcesBuildPhase section */

/* Begin PBXTargetDependency section */
		78C407B12412565100623C06 /* PBXTargetDependency */ = {
			isa = PBXTargetDependency;
			target = 78C407982412564E00623C06 /* RickAndMorty */;
			targetProxy = 78C407B02412565100623C06 /* PBXContainerItemProxy */;
		};
/* End PBXTargetDependency section */

/* Begin PBXVariantGroup section */
		78C407A22412564E00623C06 /* Main.storyboard */ = {
			isa = PBXVariantGroup;
			children = (
				78C407A32412564E00623C06 /* Base */,
			);
			name = Main.storyboard;
			sourceTree = "<group>";
		};
		78C407A72412565000623C06 /* LaunchScreen.storyboard */ = {
			isa = PBXVariantGroup;
			children = (
				78C407A82412565000623C06 /* Base */,
			);
			name = LaunchScreen.storyboard;
			sourceTree = "<group>";
		};
/* End PBXVariantGroup section */

/* Begin XCBuildConfiguration section */
		78C407B62412565100623C06 /* Debug */ = {
			isa = XCBuildConfiguration;
			buildSettings = {
				ALWAYS_SEARCH_USER_PATHS = NO;
				CLANG_ANALYZER_NONNULL = YES;
				CLANG_ANALYZER_NUMBER_OBJECT_CONVERSION = YES_AGGRESSIVE;
				CLANG_CXX_LANGUAGE_STANDARD = "gnu++14";
				CLANG_CXX_LIBRARY = "libc++";
				CLANG_ENABLE_MODULES = YES;
				CLANG_ENABLE_OBJC_ARC = YES;
				CLANG_ENABLE_OBJC_WEAK = YES;
				CLANG_WARN_BLOCK_CAPTURE_AUTORELEASING = YES;
				CLANG_WARN_BOOL_CONVERSION = YES;
				CLANG_WARN_COMMA = YES;
				CLANG_WARN_CONSTANT_CONVERSION = YES;
				CLANG_WARN_DEPRECATED_OBJC_IMPLEMENTATIONS = YES;
				CLANG_WARN_DIRECT_OBJC_ISA_USAGE = YES_ERROR;
				CLANG_WARN_DOCUMENTATION_COMMENTS = YES;
				CLANG_WARN_EMPTY_BODY = YES;
				CLANG_WARN_ENUM_CONVERSION = YES;
				CLANG_WARN_INFINITE_RECURSION = YES;
				CLANG_WARN_INT_CONVERSION = YES;
				CLANG_WARN_NON_LITERAL_NULL_CONVERSION = YES;
				CLANG_WARN_OBJC_IMPLICIT_RETAIN_SELF = YES;
				CLANG_WARN_OBJC_LITERAL_CONVERSION = YES;
				CLANG_WARN_OBJC_ROOT_CLASS = YES_ERROR;
				CLANG_WARN_RANGE_LOOP_ANALYSIS = YES;
				CLANG_WARN_STRICT_PROTOTYPES = YES;
				CLANG_WARN_SUSPICIOUS_MOVE = YES;
				CLANG_WARN_UNGUARDED_AVAILABILITY = YES_AGGRESSIVE;
				CLANG_WARN_UNREACHABLE_CODE = YES;
				CLANG_WARN__DUPLICATE_METHOD_MATCH = YES;
				COPY_PHASE_STRIP = NO;
				DEBUG_INFORMATION_FORMAT = dwarf;
				ENABLE_STRICT_OBJC_MSGSEND = YES;
				ENABLE_TESTABILITY = YES;
				GCC_C_LANGUAGE_STANDARD = gnu11;
				GCC_DYNAMIC_NO_PIC = NO;
				GCC_NO_COMMON_BLOCKS = YES;
				GCC_OPTIMIZATION_LEVEL = 0;
				GCC_PREPROCESSOR_DEFINITIONS = (
					"DEBUG=1",
					"$(inherited)",
				);
				GCC_WARN_64_TO_32_BIT_CONVERSION = YES;
				GCC_WARN_ABOUT_RETURN_TYPE = YES_ERROR;
				GCC_WARN_UNDECLARED_SELECTOR = YES;
				GCC_WARN_UNINITIALIZED_AUTOS = YES_AGGRESSIVE;
				GCC_WARN_UNUSED_FUNCTION = YES;
				GCC_WARN_UNUSED_VARIABLE = YES;
				IPHONEOS_DEPLOYMENT_TARGET = 13.2;
				MTL_ENABLE_DEBUG_INFO = INCLUDE_SOURCE;
				MTL_FAST_MATH = YES;
				ONLY_ACTIVE_ARCH = YES;
				SDKROOT = iphoneos;
				SWIFT_ACTIVE_COMPILATION_CONDITIONS = DEBUG;
				SWIFT_OPTIMIZATION_LEVEL = "-Onone";
			};
			name = Debug;
		};
		78C407B72412565100623C06 /* Release */ = {
			isa = XCBuildConfiguration;
			buildSettings = {
				ALWAYS_SEARCH_USER_PATHS = NO;
				CLANG_ANALYZER_NONNULL = YES;
				CLANG_ANALYZER_NUMBER_OBJECT_CONVERSION = YES_AGGRESSIVE;
				CLANG_CXX_LANGUAGE_STANDARD = "gnu++14";
				CLANG_CXX_LIBRARY = "libc++";
				CLANG_ENABLE_MODULES = YES;
				CLANG_ENABLE_OBJC_ARC = YES;
				CLANG_ENABLE_OBJC_WEAK = YES;
				CLANG_WARN_BLOCK_CAPTURE_AUTORELEASING = YES;
				CLANG_WARN_BOOL_CONVERSION = YES;
				CLANG_WARN_COMMA = YES;
				CLANG_WARN_CONSTANT_CONVERSION = YES;
				CLANG_WARN_DEPRECATED_OBJC_IMPLEMENTATIONS = YES;
				CLANG_WARN_DIRECT_OBJC_ISA_USAGE = YES_ERROR;
				CLANG_WARN_DOCUMENTATION_COMMENTS = YES;
				CLANG_WARN_EMPTY_BODY = YES;
				CLANG_WARN_ENUM_CONVERSION = YES;
				CLANG_WARN_INFINITE_RECURSION = YES;
				CLANG_WARN_INT_CONVERSION = YES;
				CLANG_WARN_NON_LITERAL_NULL_CONVERSION = YES;
				CLANG_WARN_OBJC_IMPLICIT_RETAIN_SELF = YES;
				CLANG_WARN_OBJC_LITERAL_CONVERSION = YES;
				CLANG_WARN_OBJC_ROOT_CLASS = YES_ERROR;
				CLANG_WARN_RANGE_LOOP_ANALYSIS = YES;
				CLANG_WARN_STRICT_PROTOTYPES = YES;
				CLANG_WARN_SUSPICIOUS_MOVE = YES;
				CLANG_WARN_UNGUARDED_AVAILABILITY = YES_AGGRESSIVE;
				CLANG_WARN_UNREACHABLE_CODE = YES;
				CLANG_WARN__DUPLICATE_METHOD_MATCH = YES;
				COPY_PHASE_STRIP = NO;
				DEBUG_INFORMATION_FORMAT = "dwarf-with-dsym";
				ENABLE_NS_ASSERTIONS = NO;
				ENABLE_STRICT_OBJC_MSGSEND = YES;
				GCC_C_LANGUAGE_STANDARD = gnu11;
				GCC_NO_COMMON_BLOCKS = YES;
				GCC_WARN_64_TO_32_BIT_CONVERSION = YES;
				GCC_WARN_ABOUT_RETURN_TYPE = YES_ERROR;
				GCC_WARN_UNDECLARED_SELECTOR = YES;
				GCC_WARN_UNINITIALIZED_AUTOS = YES_AGGRESSIVE;
				GCC_WARN_UNUSED_FUNCTION = YES;
				GCC_WARN_UNUSED_VARIABLE = YES;
				IPHONEOS_DEPLOYMENT_TARGET = 13.2;
				MTL_ENABLE_DEBUG_INFO = NO;
				MTL_FAST_MATH = YES;
				SDKROOT = iphoneos;
				SWIFT_COMPILATION_MODE = wholemodule;
				SWIFT_OPTIMIZATION_LEVEL = "-O";
				VALIDATE_PRODUCT = YES;
			};
			name = Release;
		};
		78C407B92412565100623C06 /* Debug */ = {
			isa = XCBuildConfiguration;
			buildSettings = {
				ASSETCATALOG_COMPILER_APPICON_NAME = AppIcon;
				CODE_SIGN_STYLE = Automatic;
				DEVELOPMENT_TEAM = T6T8BHG2NB;
				INFOPLIST_FILE = RickAndMorty/Info.plist;
				IPHONEOS_DEPLOYMENT_TARGET = 10.0;
				LD_RUNPATH_SEARCH_PATHS = (
					"$(inherited)",
					"@executable_path/Frameworks",
				);
				PRODUCT_BUNDLE_IDENTIFIER = MortyMerr.RickAndMorty;
				PRODUCT_NAME = "$(TARGET_NAME)";
				SWIFT_VERSION = 5.0;
				TARGETED_DEVICE_FAMILY = "1,2";
			};
			name = Debug;
		};
		78C407BA2412565100623C06 /* Release */ = {
			isa = XCBuildConfiguration;
			buildSettings = {
				ASSETCATALOG_COMPILER_APPICON_NAME = AppIcon;
				CODE_SIGN_STYLE = Automatic;
				DEVELOPMENT_TEAM = T6T8BHG2NB;
				INFOPLIST_FILE = RickAndMorty/Info.plist;
				IPHONEOS_DEPLOYMENT_TARGET = 10.0;
				LD_RUNPATH_SEARCH_PATHS = (
					"$(inherited)",
					"@executable_path/Frameworks",
				);
				PRODUCT_BUNDLE_IDENTIFIER = MortyMerr.RickAndMorty;
				PRODUCT_NAME = "$(TARGET_NAME)";
				SWIFT_VERSION = 5.0;
				TARGETED_DEVICE_FAMILY = "1,2";
			};
			name = Release;
		};
		78C407BC2412565100623C06 /* Debug */ = {
			isa = XCBuildConfiguration;
			buildSettings = {
				ALWAYS_EMBED_SWIFT_STANDARD_LIBRARIES = YES;
				BUNDLE_LOADER = "$(TEST_HOST)";
				CODE_SIGN_STYLE = Automatic;
				DEVELOPMENT_TEAM = T6T8BHG2NB;
				INFOPLIST_FILE = RickAndMortyTests/Info.plist;
				IPHONEOS_DEPLOYMENT_TARGET = 13.2;
				LD_RUNPATH_SEARCH_PATHS = (
					"$(inherited)",
					"@executable_path/Frameworks",
					"@loader_path/Frameworks",
				);
				PRODUCT_BUNDLE_IDENTIFIER = MortyMerr.RickAndMortyTests;
				PRODUCT_NAME = "$(TARGET_NAME)";
				SWIFT_VERSION = 5.0;
				TARGETED_DEVICE_FAMILY = "1,2";
				TEST_HOST = "$(BUILT_PRODUCTS_DIR)/RickAndMorty.app/RickAndMorty";
			};
			name = Debug;
		};
		78C407BD2412565100623C06 /* Release */ = {
			isa = XCBuildConfiguration;
			buildSettings = {
				ALWAYS_EMBED_SWIFT_STANDARD_LIBRARIES = YES;
				BUNDLE_LOADER = "$(TEST_HOST)";
				CODE_SIGN_STYLE = Automatic;
				DEVELOPMENT_TEAM = T6T8BHG2NB;
				INFOPLIST_FILE = RickAndMortyTests/Info.plist;
				IPHONEOS_DEPLOYMENT_TARGET = 13.2;
				LD_RUNPATH_SEARCH_PATHS = (
					"$(inherited)",
					"@executable_path/Frameworks",
					"@loader_path/Frameworks",
				);
				PRODUCT_BUNDLE_IDENTIFIER = MortyMerr.RickAndMortyTests;
				PRODUCT_NAME = "$(TARGET_NAME)";
				SWIFT_VERSION = 5.0;
				TARGETED_DEVICE_FAMILY = "1,2";
				TEST_HOST = "$(BUILT_PRODUCTS_DIR)/RickAndMorty.app/RickAndMorty";
			};
			name = Release;
		};
/* End XCBuildConfiguration section */

/* Begin XCConfigurationList section */
		78C407942412564E00623C06 /* Build configuration list for PBXProject "RickAndMorty" */ = {
			isa = XCConfigurationList;
			buildConfigurations = (
				78C407B62412565100623C06 /* Debug */,
				78C407B72412565100623C06 /* Release */,
			);
			defaultConfigurationIsVisible = 0;
			defaultConfigurationName = Release;
		};
		78C407B82412565100623C06 /* Build configuration list for PBXNativeTarget "RickAndMorty" */ = {
			isa = XCConfigurationList;
			buildConfigurations = (
				78C407B92412565100623C06 /* Debug */,
				78C407BA2412565100623C06 /* Release */,
			);
			defaultConfigurationIsVisible = 0;
			defaultConfigurationName = Release;
		};
		78C407BB2412565100623C06 /* Build configuration list for PBXNativeTarget "RickAndMortyTests" */ = {
			isa = XCConfigurationList;
			buildConfigurations = (
				78C407BC2412565100623C06 /* Debug */,
				78C407BD2412565100623C06 /* Release */,
			);
			defaultConfigurationIsVisible = 0;
			defaultConfigurationName = Release;
		};
/* End XCConfigurationList section */
	};
	rootObject = 78C407912412564E00623C06 /* Project object */;
}
